<?xml version="1.0" encoding="utf-8"?>
<Project ToolsVersion="4.0" xmlns="http://schemas.microsoft.com/developer/msbuild/2003">
  <ItemGroup>
    <Filter Include="源文件">
      <UniqueIdentifier>{4FC737F1-C7A5-4376-A066-2A32D752A2FF}</UniqueIdentifier>
      <Extensions>cpp;c;cc;cxx;def;odl;idl;hpj;bat;asm;asmx</Extensions>
    </Filter>
    <Filter Include="头文件">
      <UniqueIdentifier>{93995380-89BD-4b04-88EB-625FBE52EBFB}</UniqueIdentifier>
      <Extensions>h;hh;hpp;hxx;hm;inl;inc;ipp;xsd</Extensions>
    </Filter>
    <Filter Include="资源文件">
      <UniqueIdentifier>{67DA6AB6-F800-4c08-8B7A-83BB121AAD01}</UniqueIdentifier>
      <Extensions>rc;ico;cur;bmp;dlg;rc2;rct;bin;rgs;gif;jpg;jpeg;jpe;resx;tiff;tif;png;wav;mfcribbon-ms</Extensions>
    </Filter>
    <Filter Include="头文件\line_table">
      <UniqueIdentifier>{cbdbc723-6468-4268-a887-9483e249fce1}</UniqueIdentifier>
    </Filter>
    <Filter Include="源文件\line_table">
      <UniqueIdentifier>{310c310d-2e13-4582-874c-f282aa9a8530}</UniqueIdentifier>
    </Filter>
    <Filter Include="头文件\stack">
      <UniqueIdentifier>{532391af-fb93-43c2-9495-390a61794a68}</UniqueIdentifier>
    </Filter>
    <Filter Include="源文件\stack">
      <UniqueIdentifier>{b43c7605-c55f-4ba8-b1a8-54018e687671}</UniqueIdentifier>
    </Filter>
    <Filter Include="头文件\string">
      <UniqueIdentifier>{348e247c-6da5-4560-b637-a1c37a400e26}</UniqueIdentifier>
    </Filter>
    <Filter Include="源文件\string">
      <UniqueIdentifier>{bdf67417-f360-47a9-87e6-2d47cb82ad6e}</UniqueIdentifier>
    </Filter>
    <Filter Include="源文件\tree">
      <UniqueIdentifier>{2e5f266d-767a-4b2e-9930-0710b46b6540}</UniqueIdentifier>
    </Filter>
    <Filter Include="头文件\tree">
      <UniqueIdentifier>{90f12c55-1264-440c-a7f2-6fbe49e2f684}</UniqueIdentifier>
    </Filter>
  </ItemGroup>
  <ItemGroup>
    <ClInclude Include="pch.h">
      <Filter>头文件</Filter>
    </ClInclude>
    <ClInclude Include="StaticList.h">
      <Filter>头文件\line_table</Filter>
    </ClInclude>
    <ClInclude Include="OList.h">
      <Filter>头文件\line_table</Filter>
    </ClInclude>
    <ClInclude Include="line_table_interface.h">
      <Filter>头文件\line_table</Filter>
    </ClInclude>
    <ClInclude Include="Algorithm_antiBolan.h">
      <Filter>头文件\stack</Filter>
    </ClInclude>
    <ClInclude Include="stack_interface.h">
      <Filter>头文件\stack</Filter>
    </ClInclude>
    <ClInclude Include="seq_stored_stack.h">
      <Filter>头文件\stack</Filter>
    </ClInclude>
    <ClInclude Include="string_interface.h">
      <Filter>头文件\string</Filter>
    </ClInclude>
    <ClInclude Include="seq_stored_binary_tree.h">
      <Filter>头文件</Filter>
    </ClInclude>
  </ItemGroup>
  <ItemGroup>
    <ClCompile Include="pch.cpp">
      <Filter>源文件</Filter>
    </ClCompile>
    <ClCompile Include="DataStructAndAlgorithm.cpp">
      <Filter>源文件</Filter>
    </ClCompile>
    <ClCompile Include="StaticList.cpp">
      <Filter>源文件\line_table</Filter>
    </ClCompile>
    <ClCompile Include="OList.cpp">
      <Filter>源文件\line_table</Filter>
    </ClCompile>
    <ClCompile Include="Algorithm_antiBolan.cpp">
      <Filter>源文件\stack</Filter>
    </ClCompile>
    <ClCompile Include="stack_interface.cpp">
      <Filter>源文件\stack</Filter>
    </ClCompile>
    <ClCompile Include="seq_stored_stack.cpp">
      <Filter>源文件\stack</Filter>
    </ClCompile>
    <ClCompile Include="string_interface.cpp">
      <Filter>源文件\string</Filter>
    </ClCompile>
    <ClCompile Include="seq_stored_binary_tree.cpp">
      <Filter>源文件</Filter>
    </ClCompile>
  </ItemGroup>
</Project>