
Microsoft Visual Studio Solution File, Format Version 12.00
# Visual Studio 14
VisualStudioVersion = 14.0.25420.1
MinimumVisualStudioVersion = 10.0.40219.1
Project("{8BC9CEB8-8B4A-11D0-8D11-00A0C91BC942}") = "newSunnyTcsGraphicTestV3", "newSunnyTcsGraphicTestV3\newSunnyTcsGraphicTestV3.vcxproj", "{DB869120-6C0B-44A4-8E10-37D28B9D3E33}"
EndProject
Global
	GlobalSection(SolutionConfigurationPlatforms) = preSolution
		Debug|x64 = Debug|x64
		Release|x64 = Release|x64
	EndGlobalSection
	GlobalSection(ProjectConfigurationPlatforms) = postSolution
		{DB869120-6C0B-44A4-8E10-37D28B9D3E33}.Debug|x64.ActiveCfg = Debug|x64
		{DB869120-6C0B-44A4-8E10-37D28B9D3E33}.Debug|x64.Build.0 = Debug|x64
		{DB869120-6C0B-44A4-8E10-37D28B9D3E33}.Release|x64.ActiveCfg = Release|x64
		{DB869120-6C0B-44A4-8E10-37D28B9D3E33}.Release|x64.Build.0 = Release|x64
	EndGlobalSection
	GlobalSection(SolutionProperties) = preSolution
		HideSolutionNode = FALSE
	EndGlobalSection
EndGlobal
