<?xml version="1.0" encoding="utf-8"?>
<Project ToolsVersion="4.0" xmlns="http://schemas.microsoft.com/developer/msbuild/2003">
  <ItemGroup>
    <Filter Include="Source Files">
      <UniqueIdentifier>{4FC737F1-C7A5-4376-A066-2A32D752A2FF}</UniqueIdentifier>
      <Extensions>cpp;c;cc;cxx;def;odl;idl;hpj;bat;asm;asmx</Extensions>
    </Filter>
    <Filter Include="Header Files">
      <UniqueIdentifier>{93995380-89BD-4b04-88EB-625FBE52EBFB}</UniqueIdentifier>
      <Extensions>h;hh;hpp;hxx;hm;inl;inc;xsd</Extensions>
    </Filter>
    <Filter Include="Resource Files">
      <UniqueIdentifier>{67DA6AB6-F800-4c08-8B7A-83BB121AAD01}</UniqueIdentifier>
      <Extensions>qrc;rc;ico;cur;bmp;dlg;rc2;rct;bin;rgs;gif;jpg;jpeg;jpe;resx;tiff;tif;png;wav;mfcribbon-ms</Extensions>
    </Filter>
    <Filter Include="Translation Files">
      <UniqueIdentifier>{639EADAA-A684-42e4-A9AD-28FC9BCB8F7C}</UniqueIdentifier>
      <Extensions>ts</Extensions>
    </Filter>
    <Filter Include="Header Files\general">
      <UniqueIdentifier>{8b7719fa-dcd7-46a0-b2c0-f362be3f1239}</UniqueIdentifier>
    </Filter>
    <Filter Include="Header Files\logic">
      <UniqueIdentifier>{522c4fde-d023-4a82-8fef-f671f611686c}</UniqueIdentifier>
    </Filter>
    <Filter Include="Header Files\business">
      <UniqueIdentifier>{cd8f93b6-6832-42ab-b49d-4f30524b1662}</UniqueIdentifier>
    </Filter>
  </ItemGroup>
  <ItemGroup>
    <ClCompile Include="main.cpp">
      <Filter>Source Files</Filter>
    </ClCompile>
  </ItemGroup>
  <ItemGroup>
    <ClInclude Include="generalArg.h">
      <Filter>Header Files\general</Filter>
    </ClInclude>
    <ClInclude Include="threadSeed.h">
      <Filter>Header Files\general</Filter>
    </ClInclude>
    <ClInclude Include="logicTest.h">
      <Filter>Header Files\logic</Filter>
    </ClInclude>
    <ClInclude Include="uidWorkerTest.h">
      <Filter>Header Files\general</Filter>
    </ClInclude>
    <ClInclude Include="craftTest.h">
      <Filter>Header Files\business</Filter>
    </ClInclude>
  </ItemGroup>
</Project>