<?xml version="1.0" encoding="utf-8"?>
<Project ToolsVersion="4.0" xmlns="http://schemas.microsoft.com/developer/msbuild/2003">
  <ItemGroup>
    <Filter Include="Source Files">
      <UniqueIdentifier>{4FC737F1-C7A5-4376-A066-2A32D752A2FF}</UniqueIdentifier>
      <Extensions>cpp;c;cc;cxx;def;odl;idl;hpj;bat;asm;asmx</Extensions>
    </Filter>
    <Filter Include="Header Files">
      <UniqueIdentifier>{93995380-89BD-4b04-88EB-625FBE52EBFB}</UniqueIdentifier>
      <Extensions>h;hh;hpp;hxx;hm;inl;inc;xsd</Extensions>
    </Filter>
    <Filter Include="Resource Files">
      <UniqueIdentifier>{67DA6AB6-F800-4c08-8B7A-83BB121AAD01}</UniqueIdentifier>
      <Extensions>qrc;rc;ico;cur;bmp;dlg;rc2;rct;bin;rgs;gif;jpg;jpeg;jpe;resx;tiff;tif;png;wav;mfcribbon-ms</Extensions>
    </Filter>
    <Filter Include="Translation Files">
      <UniqueIdentifier>{639EADAA-A684-42e4-A9AD-28FC9BCB8F7C}</UniqueIdentifier>
      <Extensions>ts</Extensions>
    </Filter>
    <Filter Include="Header Files\map">
      <UniqueIdentifier>{8b9cabef-c702-4dab-ae7c-b1b89dad1ebc}</UniqueIdentifier>
    </Filter>
    <Filter Include="Source Files\map">
      <UniqueIdentifier>{5baaffbd-0a3b-4be1-9445-2cefc18fc952}</UniqueIdentifier>
    </Filter>
    <Filter Include="Header Files\craft">
      <UniqueIdentifier>{9ad9ab75-c81d-469c-bd35-f5f095ba143d}</UniqueIdentifier>
    </Filter>
    <Filter Include="Source Files\craft">
      <UniqueIdentifier>{c447cb6d-43d7-40b0-80be-601488646934}</UniqueIdentifier>
    </Filter>
  </ItemGroup>
  <ItemGroup>
    <ClCompile Include="SunnyTcsGraphicV3.cpp">
      <Filter>Source Files</Filter>
    </ClCompile>
    <ClInclude Include="SunnyTcsGraphicsCoorSys.h">
      <Filter>Header Files\map</Filter>
    </ClInclude>
    <ClInclude Include="SunnyTcsGraphicsLocation.h">
      <Filter>Header Files\map</Filter>
    </ClInclude>
    <ClInclude Include="SunnyTcsGraphicsMapGeneral.h">
      <Filter>Header Files\map</Filter>
    </ClInclude>
    <ClInclude Include="SunnyTcsGraphicsModel.h">
      <Filter>Header Files\map</Filter>
    </ClInclude>
    <ClInclude Include="SunnyTcsGraphicsPath.h">
      <Filter>Header Files\map</Filter>
    </ClInclude>
    <ClInclude Include="SunnyTcsGraphicsPoint.h">
      <Filter>Header Files\map</Filter>
    </ClInclude>
    <ClInclude Include="SunnyTcsGraphicsVehicle.h">
      <Filter>Header Files\map</Filter>
    </ClInclude>
    <ClInclude Include="SunnyTcsGraphicsVehicleLib.h">
      <Filter>Header Files\map</Filter>
    </ClInclude>
    <ClCompile Include="SunnyTcsGraphicsCoorSys.cpp">
      <Filter>Source Files\map</Filter>
    </ClCompile>
    <ClCompile Include="SunnyTcsGraphicsLocation.cpp">
      <Filter>Source Files\map</Filter>
    </ClCompile>
    <ClCompile Include="SunnyTcsGraphicsModel.cpp">
      <Filter>Source Files\map</Filter>
    </ClCompile>
    <ClCompile Include="SunnyTcsGraphicsPath.cpp">
      <Filter>Source Files\map</Filter>
    </ClCompile>
    <ClCompile Include="SunnyTcsGraphicsPoint.cpp">
      <Filter>Source Files\map</Filter>
    </ClCompile>
    <ClCompile Include="SunnyTcsGraphicsVehicle.cpp">
      <Filter>Source Files\map</Filter>
    </ClCompile>
    <ClCompile Include="SunnyTcsGraphicsVehicleLib.cpp">
      <Filter>Source Files\map</Filter>
    </ClCompile>
    <ClCompile Include="SunnyTcsGraphicsMapGeneral.cpp">
      <Filter>Source Files\map</Filter>
    </ClCompile>
    <ClCompile Include="SunnyTcsGraphicsCraftGeneral.cpp">
      <Filter>Source Files\craft</Filter>
    </ClCompile>
    <ClCompile Include="SunnyTcsGraphicsSonCraft.cpp">
      <Filter>Source Files\craft</Filter>
    </ClCompile>
    <ClCompile Include="SunnyTcsGraphicsCraft.cpp">
      <Filter>Source Files\craft</Filter>
    </ClCompile>
  </ItemGroup>
  <ItemGroup>
    <ClInclude Include="SunnyTcsGraphicV3.h">
      <Filter>Header Files</Filter>
    </ClInclude>
    <ClInclude Include="sunnytcsgraphicv3_global.h">
      <Filter>Header Files</Filter>
    </ClInclude>
    <ClInclude Include="resource.h">
      <Filter>Header Files</Filter>
    </ClInclude>
    <ClInclude Include="SunnyTcsGraphicsCraftGeneral.h">
      <Filter>Header Files\craft</Filter>
    </ClInclude>
    <ClInclude Include="SunnyTcsGraphicsSonCraft.h">
      <Filter>Header Files\craft</Filter>
    </ClInclude>
    <ClInclude Include="SunnyTcsGraphicsCraft.h">
      <Filter>Header Files\craft</Filter>
    </ClInclude>
  </ItemGroup>
  <ItemGroup>
    <ResourceCompile Include="SunnyTcsGraphicV3.rc">
      <Filter>Resource Files</Filter>
    </ResourceCompile>
  </ItemGroup>
</Project>